
Microsoft Visual Studio Solution File, Format Version 12.00
# Visual Studio Version 17
VisualStudioVersion = 17.9.34622.214
MinimumVisualStudioVersion = 10.0.40219.1
Project("{9A19103F-16F7-4668-BE54-9A1E7A4F7556}") = "BlazorSchool", "BlazorSchool\BlazorSchool.csproj", "{0FF21752-83BF-43B6-B1EB-9535096B3AB0}"
EndProject
Project("{9A19103F-16F7-4668-BE54-9A1E7A4F7556}") = "BlazorSchoolApi", "BlazorSchoolApi\BlazorSchoolApi.csproj", "{02A5D912-D2AD-4748-A8EC-F6647EE1D3AA}"
EndProject
Project("{9A19103F-16F7-4668-BE54-9A1E7A4F7556}") = "BlazorSchoolShared", "BlazorSchoolShared\BlazorSchoolShared.csproj", "{26774DB7-8AC7-4ED7-A6CF-A282AC3B1EDD}"
EndProject
Global
	GlobalSection(SolutionConfigurationPlatforms) = preSolution
		Debug|Any CPU = Debug|Any CPU
		Release|Any CPU = Release|Any CPU
	EndGlobalSection
	GlobalSection(ProjectConfigurationPlatforms) = postSolution
		{0FF21752-83BF-43B6-B1EB-9535096B3AB0}.Debug|Any CPU.ActiveCfg = Debug|Any CPU
		{0FF21752-83BF-43B6-B1EB-9535096B3AB0}.Debug|Any CPU.Build.0 = Debug|Any CPU
		{0FF21752-83BF-43B6-B1EB-9535096B3AB0}.Release|Any CPU.ActiveCfg = Release|Any CPU
		{0FF21752-83BF-43B6-B1EB-9535096B3AB0}.Release|Any CPU.Build.0 = Release|Any CPU
		{02A5D912-D2AD-4748-A8EC-F6647EE1D3AA}.Debug|Any CPU.ActiveCfg = Debug|Any CPU
		{02A5D912-D2AD-4748-A8EC-F6647EE1D3AA}.Debug|Any CPU.Build.0 = Debug|Any CPU
		{02A5D912-D2AD-4748-A8EC-F6647EE1D3AA}.Release|Any CPU.ActiveCfg = Release|Any CPU
		{02A5D912-D2AD-4748-A8EC-F6647EE1D3AA}.Release|Any CPU.Build.0 = Release|Any CPU
		{26774DB7-8AC7-4ED7-A6CF-A282AC3B1EDD}.Debug|Any CPU.ActiveCfg = Debug|Any CPU
		{26774DB7-8AC7-4ED7-A6CF-A282AC3B1EDD}.Debug|Any CPU.Build.0 = Debug|Any CPU
		{26774DB7-8AC7-4ED7-A6CF-A282AC3B1EDD}.Release|Any CPU.ActiveCfg = Release|Any CPU
		{26774DB7-8AC7-4ED7-A6CF-A282AC3B1EDD}.Release|Any CPU.Build.0 = Release|Any CPU
	EndGlobalSection
	GlobalSection(SolutionProperties) = preSolution
		HideSolutionNode = FALSE
	EndGlobalSection
	GlobalSection(ExtensibilityGlobals) = postSolution
		SolutionGuid = {2491C704-2EE5-4751-B6C7-C2FC82F6EF77}
	EndGlobalSection
EndGlobal
